
Microsoft Visual Studio Solution File, Format Version 12.00
# Visual Studio Version 17
VisualStudioVersion = 17.0.31903.59
MinimumVisualStudioVersion = 10.0.40219.1
Project("{FAE04EC0-301F-11D3-BF4B-00C04F79EFBC}") = "TodoListApp.Domain", "TodoListApp.Domain\TodoListApp.Domain.csproj", "{5DFEEAFF-713F-44A2-B320-8303FE0E0102}"
EndProject
Project("{FAE04EC0-301F-11D3-BF4B-00C04F79EFBC}") = "TodoListApp.Application", "TodoListApp.Application\TodoListApp.Application.csproj", "{106B9F37-F1A6-45BD-A7E1-265C7C4F5056}"
EndProject
Project("{FAE04EC0-301F-11D3-BF4B-00C04F79EFBC}") = "TodoListApp.Infrastructure", "TodoListApp.Infrastructure\TodoListApp.Infrastructure.csproj", "{EADF9716-E36E-496C-B43B-737DACA311FB}"
EndProject
Project("{FAE04EC0-301F-11D3-BF4B-00C04F79EFBC}") = "TodoListApp.API", "TodoListApp.API\TodoListApp.API.csproj", "{003F7E2F-CF1D-4D1E-B64B-70137C19AE23}"
EndProject
Project("{FAE04EC0-301F-11D3-BF4B-00C04F79EFBC}") = "TodoListApp.Tests", "TodoListApp.Tests\TodoListApp.Tests.csproj", "{394B5D1C-5589-4C4A-8C02-F3337FA5E217}"
EndProject
Global
	GlobalSection(SolutionConfigurationPlatforms) = preSolution
		Debug|Any CPU = Debug|Any CPU
		Release|Any CPU = Release|Any CPU
	EndGlobalSection
	GlobalSection(SolutionProperties) = preSolution
		HideSolutionNode = FALSE
	EndGlobalSection
	GlobalSection(ProjectConfigurationPlatforms) = postSolution
		{5DFEEAFF-713F-44A2-B320-8303FE0E0102}.Debug|Any CPU.ActiveCfg = Debug|Any CPU
		{5DFEEAFF-713F-44A2-B320-8303FE0E0102}.Debug|Any CPU.Build.0 = Debug|Any CPU
		{5DFEEAFF-713F-44A2-B320-8303FE0E0102}.Release|Any CPU.ActiveCfg = Release|Any CPU
		{5DFEEAFF-713F-44A2-B320-8303FE0E0102}.Release|Any CPU.Build.0 = Release|Any CPU
		{106B9F37-F1A6-45BD-A7E1-265C7C4F5056}.Debug|Any CPU.ActiveCfg = Debug|Any CPU
		{106B9F37-F1A6-45BD-A7E1-265C7C4F5056}.Debug|Any CPU.Build.0 = Debug|Any CPU
		{106B9F37-F1A6-45BD-A7E1-265C7C4F5056}.Release|Any CPU.ActiveCfg = Release|Any CPU
		{106B9F37-F1A6-45BD-A7E1-265C7C4F5056}.Release|Any CPU.Build.0 = Release|Any CPU
		{EADF9716-E36E-496C-B43B-737DACA311FB}.Debug|Any CPU.ActiveCfg = Debug|Any CPU
		{EADF9716-E36E-496C-B43B-737DACA311FB}.Debug|Any CPU.Build.0 = Debug|Any CPU
		{EADF9716-E36E-496C-B43B-737DACA311FB}.Release|Any CPU.ActiveCfg = Release|Any CPU
		{EADF9716-E36E-496C-B43B-737DACA311FB}.Release|Any CPU.Build.0 = Release|Any CPU
		{003F7E2F-CF1D-4D1E-B64B-70137C19AE23}.Debug|Any CPU.ActiveCfg = Debug|Any CPU
		{003F7E2F-CF1D-4D1E-B64B-70137C19AE23}.Debug|Any CPU.Build.0 = Debug|Any CPU
		{003F7E2F-CF1D-4D1E-B64B-70137C19AE23}.Release|Any CPU.ActiveCfg = Release|Any CPU
		{003F7E2F-CF1D-4D1E-B64B-70137C19AE23}.Release|Any CPU.Build.0 = Release|Any CPU
		{394B5D1C-5589-4C4A-8C02-F3337FA5E217}.Debug|Any CPU.ActiveCfg = Debug|Any CPU
		{394B5D1C-5589-4C4A-8C02-F3337FA5E217}.Debug|Any CPU.Build.0 = Debug|Any CPU
		{394B5D1C-5589-4C4A-8C02-F3337FA5E217}.Release|Any CPU.ActiveCfg = Release|Any CPU
		{394B5D1C-5589-4C4A-8C02-F3337FA5E217}.Release|Any CPU.Build.0 = Release|Any CPU
	EndGlobalSection
EndGlobal
